# THIS IS AN AUTOGENERATED FILE. DO NOT EDIT THIS FILE DIRECTLY.
# yarn lockfile v1


"@next/env@13.0.3-canary.4":
  version "13.0.3-canary.4"
  resolved "https://registry.yarnpkg.com/@next/env/-/env-13.0.3-canary.4.tgz#59fb414d9fdd39135f5eb447437543432e74869e"
  integrity sha512-IKMYPznB0ttgHa1K7nKbfSMM8kne3G7Am+eNeM11cr+HjPljAzl863Ib9UBk6s7oChTAEVtaoKHbAerW/36tWA==

"@next/swc-android-arm-eabi@13.0.3-canary.4":
  version "13.0.3-canary.4"
  resolved "https://registry.yarnpkg.com/@next/swc-android-arm-eabi/-/swc-android-arm-eabi-13.0.3-canary.4.tgz#880d56e6fe4c45943346d746208f34654d552083"
  integrity sha512-3CXPHZfP7KGwKlrBv451x3l++q1Jxr/5PESk1TkFednJmw+9F6Tno+2RPYEzE++EWxjuAM8SmwHZxhJ6HorOvA==

"@next/swc-android-arm64@13.0.3-canary.4":
  version "13.0.3-canary.4"
  resolved "https://registry.yarnpkg.com/@next/swc-android-arm64/-/swc-android-arm64-13.0.3-canary.4.tgz#599f091a4cd6f4e509efca87e87e5a44f33d0724"
  integrity sha512-hjsSok+41ZYDghIXMUrvv1eyDboinpDu5kcd/aQTqiV9ukuoQSQFwPd9i8fXVWKOb8w9rfoSLrPoslZXxbMolw==

"@next/swc-darwin-arm64@13.0.3-canary.4":
  version "13.0.3-canary.4"
  resolved "https://registry.yarnpkg.com/@next/swc-darwin-arm64/-/swc-darwin-arm64-13.0.3-canary.4.tgz#2b38f7666bcd3e5db75018eff15ea997ced23884"
  integrity sha512-DxpeUXj7UcSidRDH0WjDzFlrycNvCKtQgpjPEzljBs2MGXGisuJ/znFkmqbLYwUi71La0nw91Yuz7IrGDpbhag==

"@next/swc-darwin-x64@13.0.3-canary.4":
  version "13.0.3-canary.4"
  resolved "https://registry.yarnpkg.com/@next/swc-darwin-x64/-/swc-darwin-x64-13.0.3-canary.4.tgz#af9da86a03edd8de67dde6292ff8eeb19a278c22"
  integrity sha512-jGdLe9QRpbSMkO+Ttpr8fnl2q/s1cQuBvGKM0nHiIUtwuwnho4BjcYQdcCJbjjH2Vs0KMhayZh9REa+52vdAEA==

"@next/swc-freebsd-x64@13.0.3-canary.4":
  version "13.0.3-canary.4"
  resolved "https://registry.yarnpkg.com/@next/swc-freebsd-x64/-/swc-freebsd-x64-13.0.3-canary.4.tgz#0599e81d30391e5f3b9a786e9289008863b2eabd"
  integrity sha512-9VJCLOkbteSozo8kxrqiFJDntARLIn0Uv4aXdvbAuYhEIVRbnP0uA3z1r6d4g8ycC1Yout6z0m3pkg0MHbKV2w==

"@next/swc-linux-arm-gnueabihf@13.0.3-canary.4":
  version "13.0.3-canary.4"
  resolved "https://registry.yarnpkg.com/@next/swc-linux-arm-gnueabihf/-/swc-linux-arm-gnueabihf-13.0.3-canary.4.tgz#4d4e6296038fd80c12076e2f806b8e8dd071e68d"
  integrity sha512-SBA6Ja07guZI8KnIpMRN6tDvD6tse70c8d9HPwdkK7JziwIBzNDSuLbuA9WB+9/byM70U8jROBKgMUZAsAbnew==

"@next/swc-linux-arm64-gnu@13.0.3-canary.4":
  version "13.0.3-canary.4"
  resolved "https://registry.yarnpkg.com/@next/swc-linux-arm64-gnu/-/swc-linux-arm64-gnu-13.0.3-canary.4.tgz#79288b05fcb10702c597df4030f8815bf3f751a2"
  integrity sha512-9hQU3mZtzuLAvqaz/72jM2IWtV3lcLFhWqWGCS8yqUCKjkT2ppd/L/VEVuvatC67H5wzpbAJPnDxjPIl7ryiOA==

"@next/swc-linux-arm64-musl@13.0.3-canary.4":
  version "13.0.3-canary.4"
  resolved "https://registry.yarnpkg.com/@next/swc-linux-arm64-musl/-/swc-linux-arm64-musl-13.0.3-canary.4.tgz#2d198fba5d30a8f16e90ea16aa3f2bb94c3c52e7"
  integrity sha512-iZTyAMbQiI0kng46mVp9XKscv59STqLbIVs6pSD3pnrBqKUh4SECQ6Z2r6Y4/H65ig64x6hvdk3KbG71UU+Kaw==

"@next/swc-linux-x64-gnu@13.0.3-canary.4":
  version "13.0.3-canary.4"
  resolved "https://registry.yarnpkg.com/@next/swc-linux-x64-gnu/-/swc-linux-x64-gnu-13.0.3-canary.4.tgz#014b9a2482eddc698b8921e1646e06489095c59f"
  integrity sha512-2yYi/bjxf5jHJPTvnC6WbomgETkLWaNY+CEC2Ci1HV3xNVm1/4LiKB0KoDZGUWMBDjAQHO9LmTZS8+P4Q/wubA==

"@next/swc-linux-x64-musl@13.0.3-canary.4":
  version "13.0.3-canary.4"
  resolved "https://registry.yarnpkg.com/@next/swc-linux-x64-musl/-/swc-linux-x64-musl-13.0.3-canary.4.tgz#ceb4d490baf188bcc1c93683bb60b7402483da20"
  integrity sha512-DuT/jlTSyZDMPWDWpVqxkLJqGytXYnbIbZ8T+XRbOihDy8p4HwaKZW9ZcHM04lSnOmxwXFHRR5Exx4y5cQOH+A==

"@next/swc-win32-arm64-msvc@13.0.3-canary.4":
  version "13.0.3-canary.4"
  resolved "https://registry.yarnpkg.com/@next/swc-win32-arm64-msvc/-/swc-win32-arm64-msvc-13.0.3-canary.4.tgz#8c8b99958a4d96b39ad270acc9a04015b642d9fb"
  integrity sha512-TW1wLzOorp0IhBf2u1XiJ+8OmGWSUID8zWISwyW74oWuNIhpvzbgmCbjFqlfX9xUxAY6tVcx2TfOc5lmsIoaEg==

"@next/swc-win32-ia32-msvc@13.0.3-canary.4":
  version "13.0.3-canary.4"
  resolved "https://registry.yarnpkg.com/@next/swc-win32-ia32-msvc/-/swc-win32-ia32-msvc-13.0.3-canary.4.tgz#f5ac0a9c11367e8464965e684926be4eb7c5055d"
  integrity sha512-cCbuBq8ua9u/bpJ0TvyTrEZXNhrzR0R0z/h3gitw+8VUQG4xREwfn3od0J9XjeL0RQ4QbtgorVE2yw9JZ5pOdg==

"@next/swc-win32-x64-msvc@13.0.3-canary.4":
  version "13.0.3-canary.4"
  resolved "https://registry.yarnpkg.com/@next/swc-win32-x64-msvc/-/swc-win32-x64-msvc-13.0.3-canary.4.tgz#ee9c8e73869593d0409b29d2a925e041ac7294d8"
  integrity sha512-kWfN2WhqxwkaySEddUjm2xJKKdeaIE1/UZXFNCaU5aSZFTn1I4yVjjL40tMCfcppqYbY58X6c5UocOviLcKbrg==

"@swc/helpers@0.4.11":
  version "0.4.11"
  resolved "https://registry.yarnpkg.com/@swc/helpers/-/helpers-0.4.11.tgz#db23a376761b3d31c26502122f349a21b592c8de"
  integrity sha512-rEUrBSGIoSFuYxwBYtlUFMlE2CwGhmW+w9355/5oduSw8e5h2+Tj4UrAGNNgP9915++wj5vkQo0UuOBqOAq4nw==
  dependencies:
    tslib "^2.4.0"

"@types/node@^18.0.0":
  version "18.11.9"
  resolved "https://registry.yarnpkg.com/@types/node/-/node-18.11.9.tgz#02d013de7058cea16d36168ef2fc653464cfbad4"
  integrity sha512-CRpX21/kGdzjOpFsZSkcrXMGIBWMGNIHXXBVFSH+ggkftxg+XYP20TESbh+zFvFj3EQOl5byk0HTRn1IL6hbqg==

"@types/prop-types@*":
  version "15.7.5"
  resolved "https://registry.yarnpkg.com/@types/prop-types/-/prop-types-15.7.5.tgz#5f19d2b85a98e9558036f6a3cacc8819420f05cf"
  integrity sha512-JCB8C6SnDoQf0cNycqd/35A7MjcnK+ZTqE7judS6o7utxUCg6imJg3QK2qzHKszlTjcj2cn+NwMB2i96ubpj7w==

"@types/react@^18.0.14":
  version "18.0.25"
  resolved "https://registry.yarnpkg.com/@types/react/-/react-18.0.25.tgz#8b1dcd7e56fe7315535a4af25435e0bb55c8ae44"
  integrity sha512-xD6c0KDT4m7n9uD4ZHi02lzskaiqcBxf4zi+tXZY98a04wvc0hi/TcCPC2FOESZi51Nd7tlUeOJY8RofL799/g==
  dependencies:
    "@types/prop-types" "*"
    "@types/scheduler" "*"
    csstype "^3.0.2"

"@types/scheduler@*":
  version "0.16.2"
  resolved "https://registry.yarnpkg.com/@types/scheduler/-/scheduler-0.16.2.tgz#1a62f89525723dde24ba1b01b092bf5df8ad4d39"
  integrity sha512-hppQEBDmlwhFAXKJX2KnWLYu5yMfi91yazPb2l+lbJiwW+wdo1gNeRA+3RgNSO39WYX2euey41KEwnqesU2Jew==

caniuse-lite@^1.0.30001406:
  version "1.0.30001431"
  resolved "https://registry.yarnpkg.com/caniuse-lite/-/caniuse-lite-1.0.30001431.tgz#e7c59bd1bc518fae03a4656be442ce6c4887a795"
  integrity sha512-zBUoFU0ZcxpvSt9IU66dXVT/3ctO1cy4y9cscs1szkPlcWb6pasYM144GqrUygUbT+k7cmUCW61cvskjcv0enQ==

client-only@0.0.1:
  version "0.0.1"
  resolved "https://registry.yarnpkg.com/client-only/-/client-only-0.0.1.tgz#38bba5d403c41ab150bff64a95c85013cf73bca1"
  integrity sha512-IV3Ou0jSMzZrd3pZ48nLkT9DA7Ag1pnPzaiQhpW7c3RbcqqzvzzVu+L8gfqMp/8IM2MQtSiqaCxrrcfu8I8rMA==

csstype@^3.0.2:
  version "3.1.1"
  resolved "https://registry.yarnpkg.com/csstype/-/csstype-3.1.1.tgz#841b532c45c758ee546a11d5bd7b7b473c8c30b9"
  integrity sha512-DJR/VvkAvSZW9bTouZue2sSxDwdTN92uHjqeKVm+0dAqdfNykRzQ95tay8aXMBAAPpUiq4Qcug2L7neoRh2Egw==

"js-tokens@^3.0.0 || ^4.0.0":
  version "4.0.0"
  resolved "https://registry.yarnpkg.com/js-tokens/-/js-tokens-4.0.0.tgz#19203fb59991df98e3a287050d4647cdeaf32499"
  integrity sha512-RdJUflcE3cUzKiMqQgsCu06FPu9UdIJO0beYbPhHN4k6apgJtifcoCtT9bcxOpYBtpD2kCM6Sbzg4CausW/PKQ==

loose-envify@^1.1.0:
  version "1.4.0"
  resolved "https://registry.yarnpkg.com/loose-envify/-/loose-envify-1.4.0.tgz#71ee51fa7be4caec1a63839f7e682d8132d30caf"
  integrity sha512-lyuxPGr/Wfhrlem2CL/UcnUc1zcqKAImBDzukY7Y5F/yQiNdko6+fRLevlw1HgMySw7f611UIY408EtxRSoK3Q==
  dependencies:
    js-tokens "^3.0.0 || ^4.0.0"

nanoid@^3.3.4:
  version "3.3.4"
  resolved "https://registry.yarnpkg.com/nanoid/-/nanoid-3.3.4.tgz#730b67e3cd09e2deacf03c027c81c9d9dbc5e8ab"
  integrity sha512-MqBkQh/OHTS2egovRtLk45wEyNXwF+cokD+1YPf9u5VfJiRdAiRwB2froX5Co9Rh20xs4siNPm8naNotSD6RBw==

next@canary:
  version "13.0.3-canary.4"
  resolved "https://registry.yarnpkg.com/next/-/next-13.0.3-canary.4.tgz#4c02a9886276f3dd367574bc4f4caf4bf29cd700"
  integrity sha512-GCf0loggwGvPXeDfYMtg36HByukmALnldQZMIdQnGcJtFHRQsWrprvrTEfqTENU5UOZSYbTdJRdL1Y8QOyymWw==
  dependencies:
    "@next/env" "13.0.3-canary.4"
    "@swc/helpers" "0.4.11"
    caniuse-lite "^1.0.30001406"
    postcss "8.4.14"
    styled-jsx "5.1.0"
    use-sync-external-store "1.2.0"
  optionalDependencies:
    "@next/swc-android-arm-eabi" "13.0.3-canary.4"
    "@next/swc-android-arm64" "13.0.3-canary.4"
    "@next/swc-darwin-arm64" "13.0.3-canary.4"
    "@next/swc-darwin-x64" "13.0.3-canary.4"
    "@next/swc-freebsd-x64" "13.0.3-canary.4"
    "@next/swc-linux-arm-gnueabihf" "13.0.3-canary.4"
    "@next/swc-linux-arm64-gnu" "13.0.3-canary.4"
    "@next/swc-linux-arm64-musl" "13.0.3-canary.4"
    "@next/swc-linux-x64-gnu" "13.0.3-canary.4"
    "@next/swc-linux-x64-musl" "13.0.3-canary.4"
    "@next/swc-win32-arm64-msvc" "13.0.3-canary.4"
    "@next/swc-win32-ia32-msvc" "13.0.3-canary.4"
    "@next/swc-win32-x64-msvc" "13.0.3-canary.4"

picocolors@^1.0.0:
  version "1.0.0"
  resolved "https://registry.yarnpkg.com/picocolors/-/picocolors-1.0.0.tgz#cb5bdc74ff3f51892236eaf79d68bc44564ab81c"
  integrity sha512-1fygroTLlHu66zi26VoTDv8yRgm0Fccecssto+MhsZ0D/DGW2sm8E8AjW7NU5VVTRt5GxbeZ5qBuJr+HyLYkjQ==

postcss@8.4.14:
  version "8.4.14"
  resolved "https://registry.yarnpkg.com/postcss/-/postcss-8.4.14.tgz#ee9274d5622b4858c1007a74d76e42e56fd21caf"
  integrity sha512-E398TUmfAYFPBSdzgeieK2Y1+1cpdxJx8yXbK/m57nRhKSmk1GB2tO4lbLBtlkfPQTDKfe4Xqv1ASWPpayPEig==
  dependencies:
    nanoid "^3.3.4"
    picocolors "^1.0.0"
    source-map-js "^1.0.2"

react-dom@^18.2.0:
  version "18.2.0"
  resolved "https://registry.yarnpkg.com/react-dom/-/react-dom-18.2.0.tgz#22aaf38708db2674ed9ada224ca4aa708d821e3d"
  integrity sha512-6IMTriUmvsjHUjNtEDudZfuDQUoWXVxKHhlEGSk81n4YFS+r/Kl99wXiwlVXtPBtJenozv2P+hxDsw9eA7Xo6g==
  dependencies:
    loose-envify "^1.1.0"
    scheduler "^0.23.0"

react@^18.2.0:
  version "18.2.0"
  resolved "https://registry.yarnpkg.com/react/-/react-18.2.0.tgz#555bd98592883255fa00de14f1151a917b5d77d5"
  integrity sha512-/3IjMdb2L9QbBdWiW5e3P2/npwMBaU9mHCSCUzNln0ZCYbcfTsGbTJrU/kGemdH2IWmB2ioZ+zkxtmq6g09fGQ==
  dependencies:
    loose-envify "^1.1.0"

scheduler@^0.23.0:
  version "0.23.0"
  resolved "https://registry.yarnpkg.com/scheduler/-/scheduler-0.23.0.tgz#ba8041afc3d30eb206a487b6b384002e4e61fdfe"
  integrity sha512-CtuThmgHNg7zIZWAXi3AsyIzA3n4xx7aNyjwC2VJldO2LMVDhFK+63xGqq6CsJH4rTAt6/M+N4GhZiDYPx9eUw==
  dependencies:
    loose-envify "^1.1.0"

source-map-js@^1.0.2:
  version "1.0.2"
  resolved "https://registry.yarnpkg.com/source-map-js/-/source-map-js-1.0.2.tgz#adbc361d9c62df380125e7f161f71c826f1e490c"
  integrity sha512-R0XvVJ9WusLiqTCEiGCmICCMplcCkIwwR11mOSD9CR5u+IXYdiseeEuXCVAjS54zqwkLcPNnmU4OeJ6tUrWhDw==

styled-jsx@5.1.0:
  version "5.1.0"
  resolved "https://registry.yarnpkg.com/styled-jsx/-/styled-jsx-5.1.0.tgz#4a5622ab9714bd3fcfaeec292aa555871f057563"
  integrity sha512-/iHaRJt9U7T+5tp6TRelLnqBqiaIT0HsO0+vgyj8hK2KUk7aejFqRrumqPUlAqDwAj8IbS/1hk3IhBAAK/FCUQ==
  dependencies:
    client-only "0.0.1"

tslib@^2.4.0:
  version "2.4.1"
  resolved "https://registry.yarnpkg.com/tslib/-/tslib-2.4.1.tgz#0d0bfbaac2880b91e22df0768e55be9753a5b17e"
  integrity sha512-tGyy4dAjRIEwI7BzsB0lynWgOpfqjUdq91XXAlIWD2OwKBH7oCl/GZG/HT4BOHrTlPMOASlMQ7veyTqpmRcrNA==

typescript@^4.7.4:
  version "4.8.4"
  resolved "https://registry.yarnpkg.com/typescript/-/typescript-4.8.4.tgz#c464abca159669597be5f96b8943500b238e60e6"
  integrity sha512-QCh+85mCy+h0IGff8r5XWzOVSbBO+KfeYrMQh7NJ58QujwcE22u+NUSmUxqF+un70P9GXKxa2HCNiTTMJknyjQ==

use-sync-external-store@1.2.0:
  version "1.2.0"
  resolved "https://registry.yarnpkg.com/use-sync-external-store/-/use-sync-external-store-1.2.0.tgz#7dbefd6ef3fe4e767a0cf5d7287aacfb5846928a"
  integrity sha512-eEgnFxGQ1Ife9bzYs6VLi8/4X6CObHMw9Qr9tPY43iKwsPw8xE8+EFsf/2cFZ5S3esXgpWgtSCtLNS41F+sKPA==
