# THIS IS AN AUTOGENERATED FILE. DO NOT EDIT THIS FILE DIRECTLY.
# yarn lockfile v1


"@next/bundle-analyzer@^13.0.3":
  version "13.0.3"
  resolved "https://registry.yarnpkg.com/@next/bundle-analyzer/-/bundle-analyzer-13.0.3.tgz#17b589d0c768ec3986312ec24dfb2d7f0a0826d1"
  integrity sha512-GPZqpXJImCq1LvKX6+pE+V5W5llBNFk/X1G2+qJh5tvLSy1teBzXz90W4yI1BX7ruc7lYufJouky0V3CnqKyLg==
  dependencies:
    webpack-bundle-analyzer "4.3.0"

"@next/env@13.0.3":
  version "13.0.3"
  resolved "https://registry.yarnpkg.com/@next/env/-/env-13.0.3.tgz#f2ecec9a6634aed28dca9e7b79bd65d9c516a1b4"
  integrity sha512-/4WzeG61Ot/PxsghXkSqQJ6UohFfwXoZ3dtsypmR9EBP+OIax9JRq0trq8Z/LCT9Aq4JbihVkaazRWguORjTAw==

"@next/swc-android-arm-eabi@13.0.3":
  version "13.0.3"
  resolved "https://registry.yarnpkg.com/@next/swc-android-arm-eabi/-/swc-android-arm-eabi-13.0.3.tgz#87ce3b7d81ec198f5360f4393e5e03f112758696"
  integrity sha512-uxfUoj65CdFc1gX2q7GtBX3DhKv9Kn343LMqGNvXyuTpYTGMmIiVY7b9yF8oLWRV0gVKqhZBZifUmoPE8SJU6Q==

"@next/swc-android-arm64@13.0.3":
  version "13.0.3"
  resolved "https://registry.yarnpkg.com/@next/swc-android-arm64/-/swc-android-arm64-13.0.3.tgz#2029f759cb3e85082da15ced94704a68e390a0e9"
  integrity sha512-t2k+WDfg7Cq2z/EnalKGsd/9E5F4Hdo1xu+UzZXYDpKUI9zgE6Bz8ajQb8m8txv3qOaWdKuDa5j5ziq9Acd1Xw==

"@next/swc-darwin-arm64@13.0.3":
  version "13.0.3"
  resolved "https://registry.yarnpkg.com/@next/swc-darwin-arm64/-/swc-darwin-arm64-13.0.3.tgz#f5deafd3feccf7c24b81df9a6a06d4d13bec254f"
  integrity sha512-wV6j6SZ1bc/YHOLCLk9JVqaZTCCey6HBV7inl2DriHsHqIcO6F3+QiYf0KXwRP9BE0GSZZrYd5mZQm2JPTHdJA==

"@next/swc-darwin-x64@13.0.3":
  version "13.0.3"
  resolved "https://registry.yarnpkg.com/@next/swc-darwin-x64/-/swc-darwin-x64-13.0.3.tgz#4d4321c02b88fdd052e7a0cc8b3719ac16f8ad4b"
  integrity sha512-jaI2CMuYWvUtRixV3AIjUhnxUDU1FKOR+8hADMhYt3Yz+pCKuj4RZ0n0nY5qUf3qT1AtvnJXEgyatSFJhSp/wQ==

"@next/swc-freebsd-x64@13.0.3":
  version "13.0.3"
  resolved "https://registry.yarnpkg.com/@next/swc-freebsd-x64/-/swc-freebsd-x64-13.0.3.tgz#f2cbac9dc03172ef94275a6380cdd4d08024fcd4"
  integrity sha512-nbyT0toBTJrcj5TCB9pVnQpGJ3utGyQj4CWegZs1ulaeUQ5Z7CS/qt8nRyYyOKYHtOdSCJ9Nw5F/RgKNkdpOdw==

"@next/swc-linux-arm-gnueabihf@13.0.3":
  version "13.0.3"
  resolved "https://registry.yarnpkg.com/@next/swc-linux-arm-gnueabihf/-/swc-linux-arm-gnueabihf-13.0.3.tgz#1b12006a25518ddc6ee9c58852149f82639876cf"
  integrity sha512-1naLxYvRUQCoFCU1nMkcQueRc0Iux9xBv1L5pzH2ejtIWFg8BrSgyuluJG4nyAhFCx4WG863IEIkAaefOowVdA==

"@next/swc-linux-arm64-gnu@13.0.3":
  version "13.0.3"
  resolved "https://registry.yarnpkg.com/@next/swc-linux-arm64-gnu/-/swc-linux-arm64-gnu-13.0.3.tgz#f44a34fc073b91ad2ab7dd757c063e764e642ddc"
  integrity sha512-3Z4A8JkuGWpMVbUhUPQInK/SLY+kijTT78Q/NZCrhLlyvwrVxaQALJNlXzxDLraUgv4oVH0Wz/FIw1W9PUUhxA==

"@next/swc-linux-arm64-musl@13.0.3":
  version "13.0.3"
  resolved "https://registry.yarnpkg.com/@next/swc-linux-arm64-musl/-/swc-linux-arm64-musl-13.0.3.tgz#5fd31e1149f151393b98239b5a6a96316459d19a"
  integrity sha512-MoYe9SM40UaunTjC+01c9OILLH3uSoeri58kDMu3KF/EFEvn1LZ6ODeDj+SLGlAc95wn46hrRJS2BPmDDE+jFQ==

"@next/swc-linux-x64-gnu@13.0.3":
  version "13.0.3"
  resolved "https://registry.yarnpkg.com/@next/swc-linux-x64-gnu/-/swc-linux-x64-gnu-13.0.3.tgz#a9b414123f26912fc830e5a65dd02e1ca56e2ead"
  integrity sha512-z22T5WGnRanjLMXdF0NaNjSpBlEzzY43t5Ysp3nW1oI6gOkub6WdQNZeHIY7A2JwkgSWZmtjLtf+Fzzz38LHeQ==

"@next/swc-linux-x64-musl@13.0.3":
  version "13.0.3"
  resolved "https://registry.yarnpkg.com/@next/swc-linux-x64-musl/-/swc-linux-x64-musl-13.0.3.tgz#113f896de5e818ab40e6ec046538203cdd07dab0"
  integrity sha512-ZOMT7zjBFmkusAtr47k8xs/oTLsNlTH6xvYb+iux7yly2hZGwhfBLzPGBsbeMZukZ96IphJTagT+C033s6LNVA==

"@next/swc-win32-arm64-msvc@13.0.3":
  version "13.0.3"
  resolved "https://registry.yarnpkg.com/@next/swc-win32-arm64-msvc/-/swc-win32-arm64-msvc-13.0.3.tgz#2ae5abe61f982a10f7742e97ac57f166751734aa"
  integrity sha512-Q4BM16Djl+Oah9UdGrvjFYgoftYB2jNd+rtRGPX5Mmxo09Ry/KiLbOZnoUyoIxKc1xPyfqMXuaVsAFQLYs0KEQ==

"@next/swc-win32-ia32-msvc@13.0.3":
  version "13.0.3"
  resolved "https://registry.yarnpkg.com/@next/swc-win32-ia32-msvc/-/swc-win32-ia32-msvc-13.0.3.tgz#1a9c0d36c7dab1620257e85ada702c5acd9875d6"
  integrity sha512-Sa8yGkNeRUsic8Qjf7MLIAfP0p0+einK/wIqJ8UO1y76j+8rRQu42AMs5H4Ax1fm9GEYq6I8njHtY59TVpTtGQ==

"@next/swc-win32-x64-msvc@13.0.3":
  version "13.0.3"
  resolved "https://registry.yarnpkg.com/@next/swc-win32-x64-msvc/-/swc-win32-x64-msvc-13.0.3.tgz#7db0adbea7b4aafdbe2a7745d2c7c048903876ad"
  integrity sha512-IAptmSqA7k4tQzaw2NAkoEjj3+Dz9ceuvlEHwYh770MMDL4V0ku2m+UHrmn5HUCEDHhgwwjg2nyf6728q2jr1w==

"@polka/url@^1.0.0-next.20":
  version "1.0.0-next.21"
  resolved "https://registry.yarnpkg.com/@polka/url/-/url-1.0.0-next.21.tgz#5de5a2385a35309427f6011992b544514d559aa1"
  integrity sha512-a5Sab1C4/icpTZVzZc5Ghpz88yQtGOyNqYXcZgOssB2uuAr+wF/MvN6bgtW32q7HHrvBki+BsZ0OuNv6EV3K9g==

"@swc/helpers@0.4.11":
  version "0.4.11"
  resolved "https://registry.yarnpkg.com/@swc/helpers/-/helpers-0.4.11.tgz#db23a376761b3d31c26502122f349a21b592c8de"
  integrity sha512-rEUrBSGIoSFuYxwBYtlUFMlE2CwGhmW+w9355/5oduSw8e5h2+Tj4UrAGNNgP9915++wj5vkQo0UuOBqOAq4nw==
  dependencies:
    tslib "^2.4.0"

"@types/node@^18.0.0":
  version "18.11.9"
  resolved "https://registry.yarnpkg.com/@types/node/-/node-18.11.9.tgz#02d013de7058cea16d36168ef2fc653464cfbad4"
  integrity sha512-CRpX21/kGdzjOpFsZSkcrXMGIBWMGNIHXXBVFSH+ggkftxg+XYP20TESbh+zFvFj3EQOl5byk0HTRn1IL6hbqg==

"@types/prop-types@*":
  version "15.7.5"
  resolved "https://registry.yarnpkg.com/@types/prop-types/-/prop-types-15.7.5.tgz#5f19d2b85a98e9558036f6a3cacc8819420f05cf"
  integrity sha512-JCB8C6SnDoQf0cNycqd/35A7MjcnK+ZTqE7judS6o7utxUCg6imJg3QK2qzHKszlTjcj2cn+NwMB2i96ubpj7w==

"@types/react@^18.0.14":
  version "18.0.25"
  resolved "https://registry.yarnpkg.com/@types/react/-/react-18.0.25.tgz#8b1dcd7e56fe7315535a4af25435e0bb55c8ae44"
  integrity sha512-xD6c0KDT4m7n9uD4ZHi02lzskaiqcBxf4zi+tXZY98a04wvc0hi/TcCPC2FOESZi51Nd7tlUeOJY8RofL799/g==
  dependencies:
    "@types/prop-types" "*"
    "@types/scheduler" "*"
    csstype "^3.0.2"

"@types/scheduler@*":
  version "0.16.2"
  resolved "https://registry.yarnpkg.com/@types/scheduler/-/scheduler-0.16.2.tgz#1a62f89525723dde24ba1b01b092bf5df8ad4d39"
  integrity sha512-hppQEBDmlwhFAXKJX2KnWLYu5yMfi91yazPb2l+lbJiwW+wdo1gNeRA+3RgNSO39WYX2euey41KEwnqesU2Jew==

acorn-walk@^8.0.0:
  version "8.2.0"
  resolved "https://registry.yarnpkg.com/acorn-walk/-/acorn-walk-8.2.0.tgz#741210f2e2426454508853a2f44d0ab83b7f69c1"
  integrity sha512-k+iyHEuPgSw6SbuDpGQM+06HQUa04DZ3o+F6CSzXMvvI5KMvnaEqXe+YVe555R9nn6GPt404fos4wcgpw12SDA==

acorn@^8.0.4:
  version "8.8.1"
  resolved "https://registry.yarnpkg.com/acorn/-/acorn-8.8.1.tgz#0a3f9cbecc4ec3bea6f0a80b66ae8dd2da250b73"
  integrity sha512-7zFpHzhnqYKrkYdUjF1HI1bzd0VygEGX8lFk4k5zVMqHEoES+P+7TKI+EvLO9WVMJ8eekdO0aDEK044xTXwPPA==

ansi-styles@^4.1.0:
  version "4.3.0"
  resolved "https://registry.yarnpkg.com/ansi-styles/-/ansi-styles-4.3.0.tgz#edd803628ae71c04c85ae7a0906edad34b648937"
  integrity sha512-zbB9rCJAT1rbjiVDb2hqKFHNYLxgtk8NURxZ3IZwD3F6NtxbXZQCnnSi1Lkx+IDohdPlFp222wVALIheZJQSEg==
  dependencies:
    color-convert "^2.0.1"

caniuse-lite@^1.0.30001406:
  version "1.0.30001431"
  resolved "https://registry.yarnpkg.com/caniuse-lite/-/caniuse-lite-1.0.30001431.tgz#e7c59bd1bc518fae03a4656be442ce6c4887a795"
  integrity sha512-zBUoFU0ZcxpvSt9IU66dXVT/3ctO1cy4y9cscs1szkPlcWb6pasYM144GqrUygUbT+k7cmUCW61cvskjcv0enQ==

chalk@^4.1.0:
  version "4.1.2"
  resolved "https://registry.yarnpkg.com/chalk/-/chalk-4.1.2.tgz#aac4e2b7734a740867aeb16bf02aad556a1e7a01"
  integrity sha512-oKnbhFyRIXpUuez8iBMmyEa4nbj4IOQyuhc/wy9kY7/WVPcwIO9VA668Pu8RkO7+0G76SLROeyw9CpQ061i4mA==
  dependencies:
    ansi-styles "^4.1.0"
    supports-color "^7.1.0"

client-only@0.0.1:
  version "0.0.1"
  resolved "https://registry.yarnpkg.com/client-only/-/client-only-0.0.1.tgz#38bba5d403c41ab150bff64a95c85013cf73bca1"
  integrity sha512-IV3Ou0jSMzZrd3pZ48nLkT9DA7Ag1pnPzaiQhpW7c3RbcqqzvzzVu+L8gfqMp/8IM2MQtSiqaCxrrcfu8I8rMA==

color-convert@^2.0.1:
  version "2.0.1"
  resolved "https://registry.yarnpkg.com/color-convert/-/color-convert-2.0.1.tgz#72d3a68d598c9bdb3af2ad1e84f21d896abd4de3"
  integrity sha512-RRECPsj7iu/xb5oKYcsFHSppFNnsj/52OVTRKb4zP5onXwVF3zVmmToNcOfGC+CRDpfK/U584fMg38ZHCaElKQ==
  dependencies:
    color-name "~1.1.4"

color-name@~1.1.4:
  version "1.1.4"
  resolved "https://registry.yarnpkg.com/color-name/-/color-name-1.1.4.tgz#c2a09a87acbde69543de6f63fa3995c826c536a2"
  integrity sha512-dOy+3AuW3a2wNbZHIuMZpTcgjGuLU/uBL/ubcZF9OXbDo8ff4O8yVp5Bf0efS8uEoYo5q4Fx7dY9OgQGXgAsQA==

commander@^6.2.0:
  version "6.2.1"
  resolved "https://registry.yarnpkg.com/commander/-/commander-6.2.1.tgz#0792eb682dfbc325999bb2b84fddddba110ac73c"
  integrity sha512-U7VdrJFnJgo4xjrHpTzu0yrHPGImdsmD95ZlgYSEajAn2JKzDhDTPG9kBTefmObL2w/ngeZnilk+OV9CG3d7UA==

csstype@^3.0.2:
  version "3.1.1"
  resolved "https://registry.yarnpkg.com/csstype/-/csstype-3.1.1.tgz#841b532c45c758ee546a11d5bd7b7b473c8c30b9"
  integrity sha512-DJR/VvkAvSZW9bTouZue2sSxDwdTN92uHjqeKVm+0dAqdfNykRzQ95tay8aXMBAAPpUiq4Qcug2L7neoRh2Egw==

date-fns@^2.29.3:
  version "2.29.3"
  resolved "https://registry.yarnpkg.com/date-fns/-/date-fns-2.29.3.tgz#27402d2fc67eb442b511b70bbdf98e6411cd68a8"
  integrity sha512-dDCnyH2WnnKusqvZZ6+jA1O51Ibt8ZMRNkDZdyAyK4YfbDwa/cEmuztzG5pk6hqlp9aSBPYcjOlktquahGwGeA==

duplexer@^0.1.2:
  version "0.1.2"
  resolved "https://registry.yarnpkg.com/duplexer/-/duplexer-0.1.2.tgz#3abe43aef3835f8ae077d136ddce0f276b0400e6"
  integrity sha512-jtD6YG370ZCIi/9GTaJKQxWTZD045+4R4hTk/x1UyoqadyJ9x9CgSi1RlVDQF8U2sxLLSnFkCaMihqljHIWgMg==

gzip-size@^6.0.0:
  version "6.0.0"
  resolved "https://registry.yarnpkg.com/gzip-size/-/gzip-size-6.0.0.tgz#065367fd50c239c0671cbcbad5be3e2eeb10e462"
  integrity sha512-ax7ZYomf6jqPTQ4+XCpUGyXKHk5WweS+e05MBO4/y3WJ5RkmPXNKvX+bx1behVILVwr6JSQvZAku021CHPXG3Q==
  dependencies:
    duplexer "^0.1.2"

has-flag@^4.0.0:
  version "4.0.0"
  resolved "https://registry.yarnpkg.com/has-flag/-/has-flag-4.0.0.tgz#944771fd9c81c81265c4d6941860da06bb59479b"
  integrity sha512-EykJT/Q1KjTWctppgIAgfSO0tKVuZUjhgMr17kqTumMl6Afv3EISleU7qZUzoXDFTAHTDC4NOoG/ZxU3EvlMPQ==

"js-tokens@^3.0.0 || ^4.0.0":
  version "4.0.0"
  resolved "https://registry.yarnpkg.com/js-tokens/-/js-tokens-4.0.0.tgz#19203fb59991df98e3a287050d4647cdeaf32499"
  integrity sha512-RdJUflcE3cUzKiMqQgsCu06FPu9UdIJO0beYbPhHN4k6apgJtifcoCtT9bcxOpYBtpD2kCM6Sbzg4CausW/PKQ==

lodash@^4.17.20:
  version "4.17.21"
  resolved "https://registry.yarnpkg.com/lodash/-/lodash-4.17.21.tgz#679591c564c3bffaae8454cf0b3df370c3d6911c"
  integrity sha512-v2kDEe57lecTulaDIuNTPy3Ry4gLGJ6Z1O3vE1krgXZNrsQ+LFTGHVxVjcXPs17LhbZVGedAJv8XZ1tvj5FvSg==

loose-envify@^1.1.0:
  version "1.4.0"
  resolved "https://registry.yarnpkg.com/loose-envify/-/loose-envify-1.4.0.tgz#71ee51fa7be4caec1a63839f7e682d8132d30caf"
  integrity sha512-lyuxPGr/Wfhrlem2CL/UcnUc1zcqKAImBDzukY7Y5F/yQiNdko6+fRLevlw1HgMySw7f611UIY408EtxRSoK3Q==
  dependencies:
    js-tokens "^3.0.0 || ^4.0.0"

mrmime@^1.0.0:
  version "1.0.1"
  resolved "https://registry.yarnpkg.com/mrmime/-/mrmime-1.0.1.tgz#5f90c825fad4bdd41dc914eff5d1a8cfdaf24f27"
  integrity sha512-hzzEagAgDyoU1Q6yg5uI+AorQgdvMCur3FcKf7NhMKWsaYg+RnbTyHRa/9IlLF9rf455MOCtcqqrQQ83pPP7Uw==

nanoid@^3.3.4:
  version "3.3.4"
  resolved "https://registry.yarnpkg.com/nanoid/-/nanoid-3.3.4.tgz#730b67e3cd09e2deacf03c027c81c9d9dbc5e8ab"
  integrity sha512-MqBkQh/OHTS2egovRtLk45wEyNXwF+cokD+1YPf9u5VfJiRdAiRwB2froX5Co9Rh20xs4siNPm8naNotSD6RBw==

next@^13.0.3:
  version "13.0.3"
  resolved "https://registry.yarnpkg.com/next/-/next-13.0.3.tgz#577e2f7cdd9c9dba79353cd57fd854fe7e506a44"
  integrity sha512-rFQeepcenRxKzeKlh1CsmEnxsJwhIERtbUjmYnKZyDInZsU06lvaGw5DT44rlNp1Rv2MT/e9vffZ8vK+ytwXHA==
  dependencies:
    "@next/env" "13.0.3"
    "@swc/helpers" "0.4.11"
    caniuse-lite "^1.0.30001406"
    postcss "8.4.14"
    styled-jsx "5.1.0"
    use-sync-external-store "1.2.0"
  optionalDependencies:
    "@next/swc-android-arm-eabi" "13.0.3"
    "@next/swc-android-arm64" "13.0.3"
    "@next/swc-darwin-arm64" "13.0.3"
    "@next/swc-darwin-x64" "13.0.3"
    "@next/swc-freebsd-x64" "13.0.3"
    "@next/swc-linux-arm-gnueabihf" "13.0.3"
    "@next/swc-linux-arm64-gnu" "13.0.3"
    "@next/swc-linux-arm64-musl" "13.0.3"
    "@next/swc-linux-x64-gnu" "13.0.3"
    "@next/swc-linux-x64-musl" "13.0.3"
    "@next/swc-win32-arm64-msvc" "13.0.3"
    "@next/swc-win32-ia32-msvc" "13.0.3"
    "@next/swc-win32-x64-msvc" "13.0.3"

opener@^1.5.2:
  version "1.5.2"
  resolved "https://registry.yarnpkg.com/opener/-/opener-1.5.2.tgz#5d37e1f35077b9dcac4301372271afdeb2a13598"
  integrity sha512-ur5UIdyw5Y7yEj9wLzhqXiy6GZ3Mwx0yGI+5sMn2r0N0v3cKJvUmFH5yPP+WXh9e0xfyzyJX95D8l088DNFj7A==

picocolors@^1.0.0:
  version "1.0.0"
  resolved "https://registry.yarnpkg.com/picocolors/-/picocolors-1.0.0.tgz#cb5bdc74ff3f51892236eaf79d68bc44564ab81c"
  integrity sha512-1fygroTLlHu66zi26VoTDv8yRgm0Fccecssto+MhsZ0D/DGW2sm8E8AjW7NU5VVTRt5GxbeZ5qBuJr+HyLYkjQ==

postcss@8.4.14:
  version "8.4.14"
  resolved "https://registry.yarnpkg.com/postcss/-/postcss-8.4.14.tgz#ee9274d5622b4858c1007a74d76e42e56fd21caf"
  integrity sha512-E398TUmfAYFPBSdzgeieK2Y1+1cpdxJx8yXbK/m57nRhKSmk1GB2tO4lbLBtlkfPQTDKfe4Xqv1ASWPpayPEig==
  dependencies:
    nanoid "^3.3.4"
    picocolors "^1.0.0"
    source-map-js "^1.0.2"

react-dom@^18.2.0:
  version "18.2.0"
  resolved "https://registry.yarnpkg.com/react-dom/-/react-dom-18.2.0.tgz#22aaf38708db2674ed9ada224ca4aa708d821e3d"
  integrity sha512-6IMTriUmvsjHUjNtEDudZfuDQUoWXVxKHhlEGSk81n4YFS+r/Kl99wXiwlVXtPBtJenozv2P+hxDsw9eA7Xo6g==
  dependencies:
    loose-envify "^1.1.0"
    scheduler "^0.23.0"

react@^18.2.0:
  version "18.2.0"
  resolved "https://registry.yarnpkg.com/react/-/react-18.2.0.tgz#555bd98592883255fa00de14f1151a917b5d77d5"
  integrity sha512-/3IjMdb2L9QbBdWiW5e3P2/npwMBaU9mHCSCUzNln0ZCYbcfTsGbTJrU/kGemdH2IWmB2ioZ+zkxtmq6g09fGQ==
  dependencies:
    loose-envify "^1.1.0"

scheduler@^0.23.0:
  version "0.23.0"
  resolved "https://registry.yarnpkg.com/scheduler/-/scheduler-0.23.0.tgz#ba8041afc3d30eb206a487b6b384002e4e61fdfe"
  integrity sha512-CtuThmgHNg7zIZWAXi3AsyIzA3n4xx7aNyjwC2VJldO2LMVDhFK+63xGqq6CsJH4rTAt6/M+N4GhZiDYPx9eUw==
  dependencies:
    loose-envify "^1.1.0"

sirv@^1.0.7:
  version "1.0.19"
  resolved "https://registry.yarnpkg.com/sirv/-/sirv-1.0.19.tgz#1d73979b38c7fe91fcba49c85280daa9c2363b49"
  integrity sha512-JuLThK3TnZG1TAKDwNIqNq6QA2afLOCcm+iE8D1Kj3GA40pSPsxQjjJl0J8X3tsR7T+CP1GavpzLwYkgVLWrZQ==
  dependencies:
    "@polka/url" "^1.0.0-next.20"
    mrmime "^1.0.0"
    totalist "^1.0.0"

source-map-js@^1.0.2:
  version "1.0.2"
  resolved "https://registry.yarnpkg.com/source-map-js/-/source-map-js-1.0.2.tgz#adbc361d9c62df380125e7f161f71c826f1e490c"
  integrity sha512-R0XvVJ9WusLiqTCEiGCmICCMplcCkIwwR11mOSD9CR5u+IXYdiseeEuXCVAjS54zqwkLcPNnmU4OeJ6tUrWhDw==

styled-jsx@5.1.0:
  version "5.1.0"
  resolved "https://registry.yarnpkg.com/styled-jsx/-/styled-jsx-5.1.0.tgz#4a5622ab9714bd3fcfaeec292aa555871f057563"
  integrity sha512-/iHaRJt9U7T+5tp6TRelLnqBqiaIT0HsO0+vgyj8hK2KUk7aejFqRrumqPUlAqDwAj8IbS/1hk3IhBAAK/FCUQ==
  dependencies:
    client-only "0.0.1"

supports-color@^7.1.0:
  version "7.2.0"
  resolved "https://registry.yarnpkg.com/supports-color/-/supports-color-7.2.0.tgz#1b7dcdcb32b8138801b3e478ba6a51caa89648da"
  integrity sha512-qpCAvRl9stuOHveKsn7HncJRvv501qIacKzQlO/+Lwxc9+0q2wLyv4Dfvt80/DPn2pqOBsJdDiogXGR9+OvwRw==
  dependencies:
    has-flag "^4.0.0"

totalist@^1.0.0:
  version "1.1.0"
  resolved "https://registry.yarnpkg.com/totalist/-/totalist-1.1.0.tgz#a4d65a3e546517701e3e5c37a47a70ac97fe56df"
  integrity sha512-gduQwd1rOdDMGxFG1gEvhV88Oirdo2p+KjoYFU7k2g+i7n6AFFbDQ5kMPUsW0pNbfQsB/cwXvT1i4Bue0s9g5g==

tslib@^2.4.0:
  version "2.4.1"
  resolved "https://registry.yarnpkg.com/tslib/-/tslib-2.4.1.tgz#0d0bfbaac2880b91e22df0768e55be9753a5b17e"
  integrity sha512-tGyy4dAjRIEwI7BzsB0lynWgOpfqjUdq91XXAlIWD2OwKBH7oCl/GZG/HT4BOHrTlPMOASlMQ7veyTqpmRcrNA==

typescript@^4.7.4:
  version "4.8.4"
  resolved "https://registry.yarnpkg.com/typescript/-/typescript-4.8.4.tgz#c464abca159669597be5f96b8943500b238e60e6"
  integrity sha512-QCh+85mCy+h0IGff8r5XWzOVSbBO+KfeYrMQh7NJ58QujwcE22u+NUSmUxqF+un70P9GXKxa2HCNiTTMJknyjQ==

use-sync-external-store@1.2.0:
  version "1.2.0"
  resolved "https://registry.yarnpkg.com/use-sync-external-store/-/use-sync-external-store-1.2.0.tgz#7dbefd6ef3fe4e767a0cf5d7287aacfb5846928a"
  integrity sha512-eEgnFxGQ1Ife9bzYs6VLi8/4X6CObHMw9Qr9tPY43iKwsPw8xE8+EFsf/2cFZ5S3esXgpWgtSCtLNS41F+sKPA==

webpack-bundle-analyzer@4.3.0:
  version "4.3.0"
  resolved "https://registry.yarnpkg.com/webpack-bundle-analyzer/-/webpack-bundle-analyzer-4.3.0.tgz#2f3c0ca9041d5ee47fa418693cf56b4a518b578b"
  integrity sha512-J3TPm54bPARx6QG8z4cKBszahnUglcv70+N+8gUqv2I5KOFHJbzBiLx+pAp606so0X004fxM7hqRu10MLjJifA==
  dependencies:
    acorn "^8.0.4"
    acorn-walk "^8.0.0"
    chalk "^4.1.0"
    commander "^6.2.0"
    gzip-size "^6.0.0"
    lodash "^4.17.20"
    opener "^1.5.2"
    sirv "^1.0.7"
    ws "^7.3.1"

ws@^7.3.1:
  version "7.5.9"
  resolved "https://registry.yarnpkg.com/ws/-/ws-7.5.9.tgz#54fa7db29f4c7cec68b1ddd3a89de099942bb591"
  integrity sha512-F+P9Jil7UiSKSkppIiD94dN07AwvFixvLIj1Og1Rl9GGMuNipJnV9JzjD6XuqmAeiswGvUmNLjr5cFuXwNS77Q==
